
Microsoft Visual Studio Solution File, Format Version 12.00
# Visual Studio Version 17
VisualStudioVersion = 17.13.35931.197
MinimumVisualStudioVersion = 10.0.40219.1
Project("{FAE04EC0-301F-11D3-BF4B-00C04F79EFBC}") = "WPFGeoServer", "WPFGeoServer\WPFGeoServer.csproj", "{F4EAFA53-0289-4943-B67F-FDF5F986B6B8}"
EndProject
Global
	GlobalSection(SolutionConfigurationPlatforms) = preSolution
		Debug|Any CPU = Debug|Any CPU
		Debug|x64 = Debug|x64
		Release|Any CPU = Release|Any CPU
		Release|x64 = Release|x64
	EndGlobalSection
	GlobalSection(ProjectConfigurationPlatforms) = postSolution
		{F4EAFA53-0289-4943-B67F-FDF5F986B6B8}.Debug|Any CPU.ActiveCfg = Debug|Any CPU
		{F4EAFA53-0289-4943-B67F-FDF5F986B6B8}.Debug|Any CPU.Build.0 = Debug|Any CPU
		{F4EAFA53-0289-4943-B67F-FDF5F986B6B8}.Debug|x64.ActiveCfg = Debug|x64
		{F4EAFA53-0289-4943-B67F-FDF5F986B6B8}.Debug|x64.Build.0 = Debug|x64
		{F4EAFA53-0289-4943-B67F-FDF5F986B6B8}.Release|Any CPU.ActiveCfg = Release|Any CPU
		{F4EAFA53-0289-4943-B67F-FDF5F986B6B8}.Release|Any CPU.Build.0 = Release|Any CPU
		{F4EAFA53-0289-4943-B67F-FDF5F986B6B8}.Release|x64.ActiveCfg = Release|x64
		{F4EAFA53-0289-4943-B67F-FDF5F986B6B8}.Release|x64.Build.0 = Release|x64
	EndGlobalSection
	GlobalSection(SolutionProperties) = preSolution
		HideSolutionNode = FALSE
	EndGlobalSection
	GlobalSection(ExtensibilityGlobals) = postSolution
		SolutionGuid = {37B60E79-EFDA-4574-8443-5AAFB8A46049}
	EndGlobalSection
EndGlobal
